
Microsoft Visual Studio Solution File, Format Version 11.00
# Visual Studio 2010
Project("{FAE04EC0-301F-11D3-BF4B-00C04F79EFBC}") = "Assembly-CSharp-Editor", "Assembly-CSharp-Editor.csproj", "{f3b6e42b-dac4-e497-6637-ea4c46064e7b}"
EndProject
Project("{FAE04EC0-301F-11D3-BF4B-00C04F79EFBC}") = "Assembly-CSharp", "Assembly-CSharp.csproj", "{db4fad01-7b30-0b21-7aac-ab2059328d88}"
EndProject
Global
	GlobalSection(SolutionConfigurationPlatforms) = preSolution
		Debug|Any CPU = Debug|Any CPU
	EndGlobalSection
	GlobalSection(ProjectConfigurationPlatforms) = postSolution
		{f3b6e42b-dac4-e497-6637-ea4c46064e7b}.Debug|Any CPU.ActiveCfg = Debug|Any CPU
		{f3b6e42b-dac4-e497-6637-ea4c46064e7b}.Debug|Any CPU.Build.0 = Debug|Any CPU
		{db4fad01-7b30-0b21-7aac-ab2059328d88}.Debug|Any CPU.ActiveCfg = Debug|Any CPU
		{db4fad01-7b30-0b21-7aac-ab2059328d88}.Debug|Any CPU.Build.0 = Debug|Any CPU
	EndGlobalSection
	GlobalSection(SolutionProperties) = preSolution
		HideSolutionNode = FALSE
	EndGlobalSection
EndGlobal
